// !$*UTF8*$!
{
	archiveVersion = 1;
	classes = {
	};
	objectVersion = 52;
	objects = {

/* Begin PBXBuildFile section */
		49100DB4273BE0E100183199 /* CouchbaseLiteSwift in Frameworks */ = {isa = PBXBuildFile; productRef = 49100DB3273BE0E100183199 /* CouchbaseLiteSwift */; };
		5F61CCB2204C9F2C00399C1D /* CustomTextEntryTableViewCell.swift in Sources */ = {isa = PBXBuildFile; fileRef = 5F61CCB1204C9F2C00399C1D /* CustomTextEntryTableViewCell.swift */; };
		5F61CCB4204C9F4400399C1D /* CustomTextEntryTableViewCell.xib in Resources */ = {isa = PBXBuildFile; fileRef = 5F61CCB3204C9F4400399C1D /* CustomTextEntryTableViewCell.xib */; };
		5F61CCB6204E47B500399C1D /* CustomImageEntryTableViewCell.xib in Resources */ = {isa = PBXBuildFile; fileRef = 5F61CCB5204E47B500399C1D /* CustomImageEntryTableViewCell.xib */; };
		5F61CCB8204E47CD00399C1D /* CustomImageEntryTableViewCell.swift in Sources */ = {isa = PBXBuildFile; fileRef = 5F61CCB7204E47CD00399C1D /* CustomImageEntryTableViewCell.swift */; };
		5F61CCBA204F578100399C1D /* UserRecord.swift in Sources */ = {isa = PBXBuildFile; fileRef = 5F61CCB9204F578100399C1D /* UserRecord.swift */; };
		5F7CCFAF204849BE0019D450 /* UserPresenter.swift in Sources */ = {isa = PBXBuildFile; fileRef = 5F7CCFAE204849BE0019D450 /* UserPresenter.swift */; };
		5F7CCFB1204849DB0019D450 /* PresenterProtocol.swift in Sources */ = {isa = PBXBuildFile; fileRef = 5F7CCFB0204849DB0019D450 /* PresenterProtocol.swift */; };
		5F86E84B2037E292007ED29E /* AppDelegate.swift in Sources */ = {isa = PBXBuildFile; fileRef = 5F86E84A2037E292007ED29E /* AppDelegate.swift */; };
		5F86E84D2037E292007ED29E /* LoginViewController.swift in Sources */ = {isa = PBXBuildFile; fileRef = 5F86E84C2037E292007ED29E /* LoginViewController.swift */; };
		5F86E8502037E292007ED29E /* Main.storyboard in Resources */ = {isa = PBXBuildFile; fileRef = 5F86E84E2037E292007ED29E /* Main.storyboard */; };
		5F86E8522037E292007ED29E /* Assets.xcassets in Resources */ = {isa = PBXBuildFile; fileRef = 5F86E8512037E292007ED29E /* Assets.xcassets */; };
		5F86E8552037E292007ED29E /* LaunchScreen.storyboard in Resources */ = {isa = PBXBuildFile; fileRef = 5F86E8532037E292007ED29E /* LaunchScreen.storyboard */; };
		5F86E87C203B659C007ED29E /* Notifications.swift in Sources */ = {isa = PBXBuildFile; fileRef = 5F86E87B203B659C007ED29E /* Notifications.swift */; };
		5F86E87E203B65D1007ED29E /* CustomErrors.swift in Sources */ = {isa = PBXBuildFile; fileRef = 5F86E87D203B65D1007ED29E /* CustomErrors.swift */; };
		5F86E880203B65FF007ED29E /* StoryboardExtension.swift in Sources */ = {isa = PBXBuildFile; fileRef = 5F86E87F203B65FF007ED29E /* StoryboardExtension.swift */; };
		5F86E884203B66B5007ED29E /* DatabaseManager.swift in Sources */ = {isa = PBXBuildFile; fileRef = 5F86E883203B66B5007ED29E /* DatabaseManager.swift */; };
		5F86E886203B788C007ED29E /* ProfileTableViewController.swift in Sources */ = {isa = PBXBuildFile; fileRef = 5F86E885203B788C007ED29E /* ProfileTableViewController.swift */; };
		5F9C43F2209A6FA1004607AE /* UniversityRecord.swift in Sources */ = {isa = PBXBuildFile; fileRef = 5F9C43F1209A6FA1004607AE /* UniversityRecord.swift */; };
		5F9C43F4209A7002004607AE /* UniversityTableViewController.swift in Sources */ = {isa = PBXBuildFile; fileRef = 5F9C43F3209A7002004607AE /* UniversityTableViewController.swift */; };
		5F9C43F6209A703C004607AE /* UniversityPresenter.swift in Sources */ = {isa = PBXBuildFile; fileRef = 5F9C43F5209A703C004607AE /* UniversityPresenter.swift */; };
		5F9C43F8209AA57D004607AE /* UniversityCell.swift in Sources */ = {isa = PBXBuildFile; fileRef = 5F9C43F7209AA57D004607AE /* UniversityCell.swift */; };
		5F9C4403209B8122004607AE /* universities.cblite2 in Resources */ = {isa = PBXBuildFile; fileRef = 5F9C4402209B8122004607AE /* universities.cblite2 */; };
/* End PBXBuildFile section */

/* Begin PBXCopyFilesBuildPhase section */
		5F86E8792037E55E007ED29E /* Embed Frameworks */ = {
			isa = PBXCopyFilesBuildPhase;
			buildActionMask = 2147483647;
			dstPath = "";
			dstSubfolderSpec = 10;
			files = (
			);
			name = "Embed Frameworks";
			runOnlyForDeploymentPostprocessing = 0;
		};
/* End PBXCopyFilesBuildPhase section */

/* Begin PBXFileReference section */
		5F61CCB1204C9F2C00399C1D /* CustomTextEntryTableViewCell.swift */ = {isa = PBXFileReference; lastKnownFileType = sourcecode.swift; path = CustomTextEntryTableViewCell.swift; sourceTree = "<group>"; };
		5F61CCB3204C9F4400399C1D /* CustomTextEntryTableViewCell.xib */ = {isa = PBXFileReference; lastKnownFileType = file.xib; path = CustomTextEntryTableViewCell.xib; sourceTree = "<group>"; };
		5F61CCB5204E47B500399C1D /* CustomImageEntryTableViewCell.xib */ = {isa = PBXFileReference; lastKnownFileType = file.xib; path = CustomImageEntryTableViewCell.xib; sourceTree = "<group>"; };
		5F61CCB7204E47CD00399C1D /* CustomImageEntryTableViewCell.swift */ = {isa = PBXFileReference; lastKnownFileType = sourcecode.swift; path = CustomImageEntryTableViewCell.swift; sourceTree = "<group>"; };
		5F61CCB9204F578100399C1D /* UserRecord.swift */ = {isa = PBXFileReference; lastKnownFileType = sourcecode.swift; path = UserRecord.swift; sourceTree = "<group>"; };
		5F7CCFAE204849BE0019D450 /* UserPresenter.swift */ = {isa = PBXFileReference; lastKnownFileType = sourcecode.swift; path = UserPresenter.swift; sourceTree = "<group>"; };
		5F7CCFB0204849DB0019D450 /* PresenterProtocol.swift */ = {isa = PBXFileReference; lastKnownFileType = sourcecode.swift; path = PresenterProtocol.swift; sourceTree = "<group>"; };
		5F86E8472037E292007ED29E /* UserProfileDemo.app */ = {isa = PBXFileReference; explicitFileType = wrapper.application; includeInIndex = 0; path = UserProfileDemo.app; sourceTree = BUILT_PRODUCTS_DIR; };
		5F86E84A2037E292007ED29E /* AppDelegate.swift */ = {isa = PBXFileReference; lastKnownFileType = sourcecode.swift; path = AppDelegate.swift; sourceTree = "<group>"; };
		5F86E84C2037E292007ED29E /* LoginViewController.swift */ = {isa = PBXFileReference; lastKnownFileType = sourcecode.swift; path = LoginViewController.swift; sourceTree = "<group>"; };
		5F86E84F2037E292007ED29E /* Base */ = {isa = PBXFileReference; lastKnownFileType = file.storyboard; name = Base; path = Base.lproj/Main.storyboard; sourceTree = "<group>"; };
		5F86E8512037E292007ED29E /* Assets.xcassets */ = {isa = PBXFileReference; lastKnownFileType = folder.assetcatalog; path = Assets.xcassets; sourceTree = "<group>"; };
		5F86E8542037E292007ED29E /* Base */ = {isa = PBXFileReference; lastKnownFileType = file.storyboard; name = Base; path = Base.lproj/LaunchScreen.storyboard; sourceTree = "<group>"; };
		5F86E8562037E292007ED29E /* Info.plist */ = {isa = PBXFileReference; lastKnownFileType = text.plist.xml; path = Info.plist; sourceTree = "<group>"; };
		5F86E87B203B659C007ED29E /* Notifications.swift */ = {isa = PBXFileReference; lastKnownFileType = sourcecode.swift; path = Notifications.swift; sourceTree = "<group>"; };
		5F86E87D203B65D1007ED29E /* CustomErrors.swift */ = {isa = PBXFileReference; lastKnownFileType = sourcecode.swift; path = CustomErrors.swift; sourceTree = "<group>"; };
		5F86E87F203B65FF007ED29E /* StoryboardExtension.swift */ = {isa = PBXFileReference; lastKnownFileType = sourcecode.swift; path = StoryboardExtension.swift; sourceTree = "<group>"; };
		5F86E883203B66B5007ED29E /* DatabaseManager.swift */ = {isa = PBXFileReference; lastKnownFileType = sourcecode.swift; path = DatabaseManager.swift; sourceTree = "<group>"; };
		5F86E885203B788C007ED29E /* ProfileTableViewController.swift */ = {isa = PBXFileReference; lastKnownFileType = sourcecode.swift; path = ProfileTableViewController.swift; sourceTree = "<group>"; };
		5F9C43F1209A6FA1004607AE /* UniversityRecord.swift */ = {isa = PBXFileReference; lastKnownFileType = sourcecode.swift; path = UniversityRecord.swift; sourceTree = "<group>"; };
		5F9C43F3209A7002004607AE /* UniversityTableViewController.swift */ = {isa = PBXFileReference; lastKnownFileType = sourcecode.swift; path = UniversityTableViewController.swift; sourceTree = "<group>"; };
		5F9C43F5209A703C004607AE /* UniversityPresenter.swift */ = {isa = PBXFileReference; lastKnownFileType = sourcecode.swift; path = UniversityPresenter.swift; sourceTree = "<group>"; };
		5F9C43F7209AA57D004607AE /* UniversityCell.swift */ = {isa = PBXFileReference; lastKnownFileType = sourcecode.swift; path = UniversityCell.swift; sourceTree = "<group>"; };
		5F9C4402209B8122004607AE /* universities.cblite2 */ = {isa = PBXFileReference; lastKnownFileType = folder; path = universities.cblite2; sourceTree = "<group>"; };
/* End PBXFileReference section */

/* Begin PBXFrameworksBuildPhase section */
		5F86E8442037E292007ED29E /* Frameworks */ = {
			isa = PBXFrameworksBuildPhase;
			buildActionMask = 2147483647;
			files = (
				49100DB4273BE0E100183199 /* CouchbaseLiteSwift in Frameworks */,
			);
			runOnlyForDeploymentPostprocessing = 0;
		};
/* End PBXFrameworksBuildPhase section */

/* Begin PBXGroup section */
		5F61CCB0204C9EF600399C1D /* views */ = {
			isa = PBXGroup;
			children = (
				5F61CCB1204C9F2C00399C1D /* CustomTextEntryTableViewCell.swift */,
				5F61CCB3204C9F4400399C1D /* CustomTextEntryTableViewCell.xib */,
				5F61CCB7204E47CD00399C1D /* CustomImageEntryTableViewCell.swift */,
				5F61CCB5204E47B500399C1D /* CustomImageEntryTableViewCell.xib */,
				5F9C43F7209AA57D004607AE /* UniversityCell.swift */,
			);
			path = views;
			sourceTree = "<group>";
		};
		5F7CCFAD2048498B0019D450 /* presenter */ = {
			isa = PBXGroup;
			children = (
				5F7CCFB0204849DB0019D450 /* PresenterProtocol.swift */,
				5F7CCFAE204849BE0019D450 /* UserPresenter.swift */,
				5F9C43F5209A703C004607AE /* UniversityPresenter.swift */,
			);
			path = presenter;
			sourceTree = "<group>";
		};
		5F86E83E2037E292007ED29E = {
			isa = PBXGroup;
			children = (
				5F86E8492037E292007ED29E /* UserProfileDemo */,
				5F86E8482037E292007ED29E /* Products */,
			);
			sourceTree = "<group>";
		};
		5F86E8482037E292007ED29E /* Products */ = {
			isa = PBXGroup;
			children = (
				5F86E8472037E292007ED29E /* UserProfileDemo.app */,
			);
			name = Products;
			sourceTree = "<group>";
		};
		5F86E8492037E292007ED29E /* UserProfileDemo */ = {
			isa = PBXGroup;
			children = (
				5F9C43F9209B804F004607AE /* prebuilt */,
				5F61CCB0204C9EF600399C1D /* views */,
				5F7CCFAD2048498B0019D450 /* presenter */,
				5F86E882203B669C007ED29E /* model */,
				5F86E87A203B6577007ED29E /* utilities */,
				5F86E84A2037E292007ED29E /* AppDelegate.swift */,
				5F86E881203B6645007ED29E /* viewcontroller */,
				5F86E84E2037E292007ED29E /* Main.storyboard */,
				5F86E8512037E292007ED29E /* Assets.xcassets */,
				5F86E8532037E292007ED29E /* LaunchScreen.storyboard */,
				5F86E8562037E292007ED29E /* Info.plist */,
			);
			path = UserProfileDemo;
			sourceTree = "<group>";
		};
		5F86E87A203B6577007ED29E /* utilities */ = {
			isa = PBXGroup;
			children = (
				5F86E87B203B659C007ED29E /* Notifications.swift */,
				5F86E87D203B65D1007ED29E /* CustomErrors.swift */,
				5F86E87F203B65FF007ED29E /* StoryboardExtension.swift */,
			);
			path = utilities;
			sourceTree = "<group>";
		};
		5F86E881203B6645007ED29E /* viewcontroller */ = {
			isa = PBXGroup;
			children = (
				5F86E84C2037E292007ED29E /* LoginViewController.swift */,
				5F86E885203B788C007ED29E /* ProfileTableViewController.swift */,
				5F9C43F3209A7002004607AE /* UniversityTableViewController.swift */,
			);
			path = viewcontroller;
			sourceTree = "<group>";
		};
		5F86E882203B669C007ED29E /* model */ = {
			isa = PBXGroup;
			children = (
				5F86E883203B66B5007ED29E /* DatabaseManager.swift */,
				5F61CCB9204F578100399C1D /* UserRecord.swift */,
				5F9C43F1209A6FA1004607AE /* UniversityRecord.swift */,
			);
			path = model;
			sourceTree = "<group>";
		};
		5F9C43F9209B804F004607AE /* prebuilt */ = {
			isa = PBXGroup;
			children = (
				5F9C4402209B8122004607AE /* universities.cblite2 */,
			);
			path = prebuilt;
			sourceTree = "<group>";
		};
/* End PBXGroup section */

/* Begin PBXNativeTarget section */
		5F86E8462037E292007ED29E /* UserProfileDemo */ = {
			isa = PBXNativeTarget;
			buildConfigurationList = 5F86E8592037E292007ED29E /* Build configuration list for PBXNativeTarget "UserProfileDemo" */;
			buildPhases = (
				5F86E8432037E292007ED29E /* Sources */,
				5F86E8442037E292007ED29E /* Frameworks */,
				5F86E8452037E292007ED29E /* Resources */,
				5F86E8792037E55E007ED29E /* Embed Frameworks */,
			);
			buildRules = (
			);
			dependencies = (
			);
			name = UserProfileDemo;
			packageProductDependencies = (
				49100DB3273BE0E100183199 /* CouchbaseLiteSwift */,
			);
			productName = UserProfileDemo;
			productReference = 5F86E8472037E292007ED29E /* UserProfileDemo.app */;
			productType = "com.apple.product-type.application";
		};
/* End PBXNativeTarget section */

/* Begin PBXProject section */
		5F86E83F2037E292007ED29E /* Project object */ = {
			isa = PBXProject;
			attributes = {
				LastSwiftUpdateCheck = 0920;
				LastUpgradeCheck = 1320;
				ORGANIZATIONNAME = "Couchbase Inc.";
				TargetAttributes = {
					5F86E8462037E292007ED29E = {
						CreatedOnToolsVersion = 9.2;
						LastSwiftMigration = 1320;
						ProvisioningStyle = Automatic;
					};
				};
			};
			buildConfigurationList = 5F86E8422037E292007ED29E /* Build configuration list for PBXProject "UserProfileDemo" */;
			compatibilityVersion = "Xcode 8.0";
			developmentRegion = en;
			hasScannedForEncodings = 0;
			knownRegions = (
				en,
				Base,
			);
			mainGroup = 5F86E83E2037E292007ED29E;
			packageReferences = (
				49100DB2273BE0E100183199 /* XCRemoteSwiftPackageReference "couchbase-lite-swift-ee" */,
			);
			productRefGroup = 5F86E8482037E292007ED29E /* Products */;
			projectDirPath = "";
			projectRoot = "";
			targets = (
				5F86E8462037E292007ED29E /* UserProfileDemo */,
			);
		};
/* End PBXProject section */

/* Begin PBXResourcesBuildPhase section */
		5F86E8452037E292007ED29E /* Resources */ = {
			isa = PBXResourcesBuildPhase;
			buildActionMask = 2147483647;
			files = (
				5F61CCB4204C9F4400399C1D /* CustomTextEntryTableViewCell.xib in Resources */,
				5F86E8552037E292007ED29E /* LaunchScreen.storyboard in Resources */,
				5F61CCB6204E47B500399C1D /* CustomImageEntryTableViewCell.xib in Resources */,
				5F86E8522037E292007ED29E /* Assets.xcassets in Resources */,
				5F86E8502037E292007ED29E /* Main.storyboard in Resources */,
				5F9C4403209B8122004607AE /* universities.cblite2 in Resources */,
			);
			runOnlyForDeploymentPostprocessing = 0;
		};
/* End PBXResourcesBuildPhase section */

/* Begin PBXSourcesBuildPhase section */
		5F86E8432037E292007ED29E /* Sources */ = {
			isa = PBXSourcesBuildPhase;
			buildActionMask = 2147483647;
			files = (
				5F86E87C203B659C007ED29E /* Notifications.swift in Sources */,
				5F9C43F8209AA57D004607AE /* UniversityCell.swift in Sources */,
				5F86E87E203B65D1007ED29E /* CustomErrors.swift in Sources */,
				5F9C43F2209A6FA1004607AE /* UniversityRecord.swift in Sources */,
				5F9C43F6209A703C004607AE /* UniversityPresenter.swift in Sources */,
				5F7CCFB1204849DB0019D450 /* PresenterProtocol.swift in Sources */,
				5F86E884203B66B5007ED29E /* DatabaseManager.swift in Sources */,
				5F61CCB8204E47CD00399C1D /* CustomImageEntryTableViewCell.swift in Sources */,
				5F86E84D2037E292007ED29E /* LoginViewController.swift in Sources */,
				5F86E886203B788C007ED29E /* ProfileTableViewController.swift in Sources */,
				5F7CCFAF204849BE0019D450 /* UserPresenter.swift in Sources */,
				5F9C43F4209A7002004607AE /* UniversityTableViewController.swift in Sources */,
				5F61CCBA204F578100399C1D /* UserRecord.swift in Sources */,
				5F86E880203B65FF007ED29E /* StoryboardExtension.swift in Sources */,
				5F61CCB2204C9F2C00399C1D /* CustomTextEntryTableViewCell.swift in Sources */,
				5F86E84B2037E292007ED29E /* AppDelegate.swift in Sources */,
			);
			runOnlyForDeploymentPostprocessing = 0;
		};
/* End PBXSourcesBuildPhase section */

/* Begin PBXVariantGroup section */
		5F86E84E2037E292007ED29E /* Main.storyboard */ = {
			isa = PBXVariantGroup;
			children = (
				5F86E84F2037E292007ED29E /* Base */,
			);
			name = Main.storyboard;
			sourceTree = "<group>";
		};
		5F86E8532037E292007ED29E /* LaunchScreen.storyboard */ = {
			isa = PBXVariantGroup;
			children = (
				5F86E8542037E292007ED29E /* Base */,
			);
			name = LaunchScreen.storyboard;
			sourceTree = "<group>";
		};
/* End PBXVariantGroup section */

/* Begin XCBuildConfiguration section */
		498E7E412743E22E0083AB9D /* Debug copy */ = {
			isa = XCBuildConfiguration;
			buildSettings = {
				ALWAYS_SEARCH_USER_PATHS = NO;
				CLANG_ANALYZER_NONNULL = YES;
				CLANG_ANALYZER_NUMBER_OBJECT_CONVERSION = YES_AGGRESSIVE;
				CLANG_CXX_LANGUAGE_STANDARD = "gnu++14";
				CLANG_CXX_LIBRARY = "libc++";
				CLANG_ENABLE_MODULES = YES;
				CLANG_ENABLE_OBJC_ARC = YES;
				CLANG_WARN_BLOCK_CAPTURE_AUTORELEASING = YES;
				CLANG_WARN_BOOL_CONVERSION = YES;
				CLANG_WARN_COMMA = YES;
				CLANG_WARN_CONSTANT_CONVERSION = YES;
				CLANG_WARN_DEPRECATED_OBJC_IMPLEMENTATIONS = YES;
				CLANG_WARN_DIRECT_OBJC_ISA_USAGE = YES_ERROR;
				CLANG_WARN_DOCUMENTATION_COMMENTS = YES;
				CLANG_WARN_EMPTY_BODY = YES;
				CLANG_WARN_ENUM_CONVERSION = YES;
				CLANG_WARN_INFINITE_RECURSION = YES;
				CLANG_WARN_INT_CONVERSION = YES;
				CLANG_WARN_NON_LITERAL_NULL_CONVERSION = YES;
				CLANG_WARN_OBJC_IMPLICIT_RETAIN_SELF = YES;
				CLANG_WARN_OBJC_LITERAL_CONVERSION = YES;
				CLANG_WARN_OBJC_ROOT_CLASS = YES_ERROR;
				CLANG_WARN_QUOTED_INCLUDE_IN_FRAMEWORK_HEADER = YES;
				CLANG_WARN_RANGE_LOOP_ANALYSIS = YES;
				CLANG_WARN_STRICT_PROTOTYPES = YES;
				CLANG_WARN_SUSPICIOUS_MOVE = YES;
				CLANG_WARN_UNGUARDED_AVAILABILITY = YES_AGGRESSIVE;
				CLANG_WARN_UNREACHABLE_CODE = YES;
				CLANG_WARN__DUPLICATE_METHOD_MATCH = YES;
				CODE_SIGN_IDENTITY = "iPhone Developer";
				COPY_PHASE_STRIP = NO;
				DEBUG_INFORMATION_FORMAT = dwarf;
				ENABLE_STRICT_OBJC_MSGSEND = YES;
				ENABLE_TESTABILITY = YES;
				GCC_C_LANGUAGE_STANDARD = gnu11;
				GCC_DYNAMIC_NO_PIC = NO;
				GCC_NO_COMMON_BLOCKS = YES;
				GCC_OPTIMIZATION_LEVEL = 0;
				GCC_PREPROCESSOR_DEFINITIONS = (
					"DEBUG=1",
					"$(inherited)",
				);
				GCC_WARN_64_TO_32_BIT_CONVERSION = YES;
				GCC_WARN_ABOUT_RETURN_TYPE = YES_ERROR;
				GCC_WARN_UNDECLARED_SELECTOR = YES;
				GCC_WARN_UNINITIALIZED_AUTOS = YES_AGGRESSIVE;
				GCC_WARN_UNUSED_FUNCTION = YES;
				GCC_WARN_UNUSED_VARIABLE = YES;
				IPHONEOS_DEPLOYMENT_TARGET = 12.0;
				MTL_ENABLE_DEBUG_INFO = YES;
				ONLY_ACTIVE_ARCH = YES;
				SDKROOT = iphoneos;
				SWIFT_ACTIVE_COMPILATION_CONDITIONS = DEBUG;
				SWIFT_OPTIMIZATION_LEVEL = "-Onone";
			};
			name = "Debug copy";
		};
		498E7E422743E22E0083AB9D /* Debug copy */ = {
			isa = XCBuildConfiguration;
			buildSettings = {
				ASSETCATALOG_COMPILER_APPICON_NAME = AppIcon;
				CODE_SIGN_STYLE = Automatic;
				DEVELOPMENT_TEAM = T97TEF42TA;
				FRAMEWORK_SEARCH_PATHS = (
					"$(inherited)",
					"$(PROJECT_DIR)/Frameworks/iOS",
					"$(PROJECT_DIR)/Frameworks/macOS",
					"$(PROJECT_DIR)/Frameworks/tvOS",
					"$(PROJECT_DIR)",
					"$(PROJECT_DIR)/iOS",
				);
				INFOPLIST_FILE = UserProfileDemo/Info.plist;
				LD_RUNPATH_SEARCH_PATHS = (
					"$(inherited)",
					"@executable_path/Frameworks",
				);
				PRODUCT_BUNDLE_IDENTIFIER = com.couchbase.UserProfileDemo;
				PRODUCT_NAME = "$(TARGET_NAME)";
				SWIFT_VERSION = 5.0;
				TARGETED_DEVICE_FAMILY = "1,2";
				VALIDATE_WORKSPACE = NO;
			};
			name = "Debug copy";
		};
		5F86E8572037E292007ED29E /* Debug */ = {
			isa = XCBuildConfiguration;
			buildSettings = {
				ALWAYS_SEARCH_USER_PATHS = NO;
				CLANG_ANALYZER_NONNULL = YES;
				CLANG_ANALYZER_NUMBER_OBJECT_CONVERSION = YES_AGGRESSIVE;
				CLANG_CXX_LANGUAGE_STANDARD = "gnu++14";
				CLANG_CXX_LIBRARY = "libc++";
				CLANG_ENABLE_MODULES = YES;
				CLANG_ENABLE_OBJC_ARC = YES;
				CLANG_WARN_BLOCK_CAPTURE_AUTORELEASING = YES;
				CLANG_WARN_BOOL_CONVERSION = YES;
				CLANG_WARN_COMMA = YES;
				CLANG_WARN_CONSTANT_CONVERSION = YES;
				CLANG_WARN_DEPRECATED_OBJC_IMPLEMENTATIONS = YES;
				CLANG_WARN_DIRECT_OBJC_ISA_USAGE = YES_ERROR;
				CLANG_WARN_DOCUMENTATION_COMMENTS = YES;
				CLANG_WARN_EMPTY_BODY = YES;
				CLANG_WARN_ENUM_CONVERSION = YES;
				CLANG_WARN_INFINITE_RECURSION = YES;
				CLANG_WARN_INT_CONVERSION = YES;
				CLANG_WARN_NON_LITERAL_NULL_CONVERSION = YES;
				CLANG_WARN_OBJC_IMPLICIT_RETAIN_SELF = YES;
				CLANG_WARN_OBJC_LITERAL_CONVERSION = YES;
				CLANG_WARN_OBJC_ROOT_CLASS = YES_ERROR;
				CLANG_WARN_QUOTED_INCLUDE_IN_FRAMEWORK_HEADER = YES;
				CLANG_WARN_RANGE_LOOP_ANALYSIS = YES;
				CLANG_WARN_STRICT_PROTOTYPES = YES;
				CLANG_WARN_SUSPICIOUS_MOVE = YES;
				CLANG_WARN_UNGUARDED_AVAILABILITY = YES_AGGRESSIVE;
				CLANG_WARN_UNREACHABLE_CODE = YES;
				CLANG_WARN__DUPLICATE_METHOD_MATCH = YES;
				CODE_SIGN_IDENTITY = "iPhone Developer";
				COPY_PHASE_STRIP = NO;
				DEBUG_INFORMATION_FORMAT = dwarf;
				ENABLE_STRICT_OBJC_MSGSEND = YES;
				ENABLE_TESTABILITY = YES;
				GCC_C_LANGUAGE_STANDARD = gnu11;
				GCC_DYNAMIC_NO_PIC = NO;
				GCC_NO_COMMON_BLOCKS = YES;
				GCC_OPTIMIZATION_LEVEL = 0;
				GCC_PREPROCESSOR_DEFINITIONS = (
					"DEBUG=1",
					"$(inherited)",
				);
				GCC_WARN_64_TO_32_BIT_CONVERSION = YES;
				GCC_WARN_ABOUT_RETURN_TYPE = YES_ERROR;
				GCC_WARN_UNDECLARED_SELECTOR = YES;
				GCC_WARN_UNINITIALIZED_AUTOS = YES_AGGRESSIVE;
				GCC_WARN_UNUSED_FUNCTION = YES;
				GCC_WARN_UNUSED_VARIABLE = YES;
				IPHONEOS_DEPLOYMENT_TARGET = 12.0;
				MTL_ENABLE_DEBUG_INFO = YES;
				ONLY_ACTIVE_ARCH = YES;
				SDKROOT = iphoneos;
				SWIFT_ACTIVE_COMPILATION_CONDITIONS = DEBUG;
				SWIFT_OPTIMIZATION_LEVEL = "-Onone";
			};
			name = Debug;
		};
		5F86E8582037E292007ED29E /* Release */ = {
			isa = XCBuildConfiguration;
			buildSettings = {
				ALWAYS_SEARCH_USER_PATHS = NO;
				CLANG_ANALYZER_NONNULL = YES;
				CLANG_ANALYZER_NUMBER_OBJECT_CONVERSION = YES_AGGRESSIVE;
				CLANG_CXX_LANGUAGE_STANDARD = "gnu++14";
				CLANG_CXX_LIBRARY = "libc++";
				CLANG_ENABLE_MODULES = YES;
				CLANG_ENABLE_OBJC_ARC = YES;
				CLANG_WARN_BLOCK_CAPTURE_AUTORELEASING = YES;
				CLANG_WARN_BOOL_CONVERSION = YES;
				CLANG_WARN_COMMA = YES;
				CLANG_WARN_CONSTANT_CONVERSION = YES;
				CLANG_WARN_DEPRECATED_OBJC_IMPLEMENTATIONS = YES;
				CLANG_WARN_DIRECT_OBJC_ISA_USAGE = YES_ERROR;
				CLANG_WARN_DOCUMENTATION_COMMENTS = YES;
				CLANG_WARN_EMPTY_BODY = YES;
				CLANG_WARN_ENUM_CONVERSION = YES;
				CLANG_WARN_INFINITE_RECURSION = YES;
				CLANG_WARN_INT_CONVERSION = YES;
				CLANG_WARN_NON_LITERAL_NULL_CONVERSION = YES;
				CLANG_WARN_OBJC_IMPLICIT_RETAIN_SELF = YES;
				CLANG_WARN_OBJC_LITERAL_CONVERSION = YES;
				CLANG_WARN_OBJC_ROOT_CLASS = YES_ERROR;
				CLANG_WARN_QUOTED_INCLUDE_IN_FRAMEWORK_HEADER = YES;
				CLANG_WARN_RANGE_LOOP_ANALYSIS = YES;
				CLANG_WARN_STRICT_PROTOTYPES = YES;
				CLANG_WARN_SUSPICIOUS_MOVE = YES;
				CLANG_WARN_UNGUARDED_AVAILABILITY = YES_AGGRESSIVE;
				CLANG_WARN_UNREACHABLE_CODE = YES;
				CLANG_WARN__DUPLICATE_METHOD_MATCH = YES;
				CODE_SIGN_IDENTITY = "iPhone Developer";
				COPY_PHASE_STRIP = NO;
				DEBUG_INFORMATION_FORMAT = "dwarf-with-dsym";
				ENABLE_NS_ASSERTIONS = NO;
				ENABLE_STRICT_OBJC_MSGSEND = YES;
				GCC_C_LANGUAGE_STANDARD = gnu11;
				GCC_NO_COMMON_BLOCKS = YES;
				GCC_WARN_64_TO_32_BIT_CONVERSION = YES;
				GCC_WARN_ABOUT_RETURN_TYPE = YES_ERROR;
				GCC_WARN_UNDECLARED_SELECTOR = YES;
				GCC_WARN_UNINITIALIZED_AUTOS = YES_AGGRESSIVE;
				GCC_WARN_UNUSED_FUNCTION = YES;
				GCC_WARN_UNUSED_VARIABLE = YES;
				IPHONEOS_DEPLOYMENT_TARGET = 12.0;
				MTL_ENABLE_DEBUG_INFO = NO;
				SDKROOT = iphoneos;
				SWIFT_COMPILATION_MODE = wholemodule;
				SWIFT_OPTIMIZATION_LEVEL = "-O";
				VALIDATE_PRODUCT = YES;
			};
			name = Release;
		};
		5F86E85A2037E292007ED29E /* Debug */ = {
			isa = XCBuildConfiguration;
			buildSettings = {
				ASSETCATALOG_COMPILER_APPICON_NAME = AppIcon;
				CODE_SIGN_STYLE = Automatic;
				DEVELOPMENT_TEAM = T97TEF42TA;
				FRAMEWORK_SEARCH_PATHS = (
					"$(inherited)",
					"$(PROJECT_DIR)/Frameworks/iOS",
					"$(PROJECT_DIR)/Frameworks/macOS",
					"$(PROJECT_DIR)/Frameworks/tvOS",
					"$(PROJECT_DIR)",
					"$(PROJECT_DIR)/iOS",
				);
				INFOPLIST_FILE = UserProfileDemo/Info.plist;
				LD_RUNPATH_SEARCH_PATHS = (
					"$(inherited)",
					"@executable_path/Frameworks",
				);
				PRODUCT_BUNDLE_IDENTIFIER = com.couchbase.UserProfileDemo;
				PRODUCT_NAME = "$(TARGET_NAME)";
				SWIFT_VERSION = 5.0;
				TARGETED_DEVICE_FAMILY = "1,2";
				VALIDATE_WORKSPACE = NO;
			};
			name = Debug;
		};
		5F86E85B2037E292007ED29E /* Release */ = {
			isa = XCBuildConfiguration;
			buildSettings = {
				ASSETCATALOG_COMPILER_APPICON_NAME = AppIcon;
				CODE_SIGN_STYLE = Automatic;
				DEVELOPMENT_TEAM = T97TEF42TA;
				FRAMEWORK_SEARCH_PATHS = (
					"$(inherited)",
					"$(PROJECT_DIR)/Frameworks/iOS",
					"$(PROJECT_DIR)/Frameworks/macOS",
					"$(PROJECT_DIR)/Frameworks/tvOS",
					"$(PROJECT_DIR)",
					"$(PROJECT_DIR)/iOS",
				);
				INFOPLIST_FILE = UserProfileDemo/Info.plist;
				LD_RUNPATH_SEARCH_PATHS = (
					"$(inherited)",
					"@executable_path/Frameworks",
				);
				PRODUCT_BUNDLE_IDENTIFIER = com.couchbase.UserProfileDemo;
				PRODUCT_NAME = "$(TARGET_NAME)";
				SWIFT_VERSION = 5.0;
				TARGETED_DEVICE_FAMILY = "1,2";
				VALIDATE_WORKSPACE = NO;
			};
			name = Release;
		};
/* End XCBuildConfiguration section */

/* Begin XCConfigurationList section */
		5F86E8422037E292007ED29E /* Build configuration list for PBXProject "UserProfileDemo" */ = {
			isa = XCConfigurationList;
			buildConfigurations = (
				5F86E8572037E292007ED29E /* Debug */,
				498E7E412743E22E0083AB9D /* Debug copy */,
				5F86E8582037E292007ED29E /* Release */,
			);
			defaultConfigurationIsVisible = 0;
			defaultConfigurationName = Release;
		};
		5F86E8592037E292007ED29E /* Build configuration list for PBXNativeTarget "UserProfileDemo" */ = {
			isa = XCConfigurationList;
			buildConfigurations = (
				5F86E85A2037E292007ED29E /* Debug */,
				498E7E422743E22E0083AB9D /* Debug copy */,
				5F86E85B2037E292007ED29E /* Release */,
			);
			defaultConfigurationIsVisible = 0;
			defaultConfigurationName = Release;
		};
/* End XCConfigurationList section */

/* Begin XCRemoteSwiftPackageReference section */
		49100DB2273BE0E100183199 /* XCRemoteSwiftPackageReference "couchbase-lite-swift-ee" */ = {
			isa = XCRemoteSwiftPackageReference;
			repositoryURL = "https://github.com/couchbase/couchbase-lite-swift-ee.git";
			requirement = {
				kind = exactVersion;
				version = "3.0.0-beta02";
			};
		};
/* End XCRemoteSwiftPackageReference section */

/* Begin XCSwiftPackageProductDependency section */
		49100DB3273BE0E100183199 /* CouchbaseLiteSwift */ = {
			isa = XCSwiftPackageProductDependency;
			package = 49100DB2273BE0E100183199 /* XCRemoteSwiftPackageReference "couchbase-lite-swift-ee" */;
			productName = CouchbaseLiteSwift;
		};
/* End XCSwiftPackageProductDependency section */
	};
	rootObject = 5F86E83F2037E292007ED29E /* Project object */;
}
